
Microsoft Visual Studio Solution File, Format Version 12.00
# Visual Studio 15
Project("{FAE04EC0-301F-11D3-BF4B-00C04F79EFBC}") = "Etapa1", "Etapa1\Etapa1.csproj", "{0BE219DF-1597-4659-AC6F-64966D37F287}"
EndProject
Global
	GlobalSection(SolutionConfigurationPlatforms) = preSolution
		Debug|Any CPU = Debug|Any CPU
		Release|Any CPU = Release|Any CPU
	EndGlobalSection
	GlobalSection(ProjectConfigurationPlatforms) = postSolution
		{0BE219DF-1597-4659-AC6F-64966D37F287}.Debug|Any CPU.ActiveCfg = Debug|Any CPU
		{0BE219DF-1597-4659-AC6F-64966D37F287}.Debug|Any CPU.Build.0 = Debug|Any CPU
		{0BE219DF-1597-4659-AC6F-64966D37F287}.Release|Any CPU.ActiveCfg = Release|Any CPU
		{0BE219DF-1597-4659-AC6F-64966D37F287}.Release|Any CPU.Build.0 = Release|Any CPU
	EndGlobalSection
EndGlobal
